
Microsoft Visual Studio Solution File, Format Version 12.00
# Visual Studio Version 16
VisualStudioVersion = 16.0.31624.102
MinimumVisualStudioVersion = 10.0.40219.1
Project("{8BC9CEB8-8B4A-11D0-8D11-00A0C91BC942}") = "WindowsProject2", "WindowsProject2\WindowsProject2.vcxproj", "{E43BBBA0-5575-4864-BCE6-B4666EFC4CBB}"
EndProject
Global
	GlobalSection(SolutionConfigurationPlatforms) = preSolution
		Debug|x64 = Debug|x64
		Debug|x86 = Debug|x86
		Release|x64 = Release|x64
		Release|x86 = Release|x86
	EndGlobalSection
	GlobalSection(ProjectConfigurationPlatforms) = postSolution
		{E43BBBA0-5575-4864-BCE6-B4666EFC4CBB}.Debug|x64.ActiveCfg = Debug|x64
		{E43BBBA0-5575-4864-BCE6-B4666EFC4CBB}.Debug|x64.Build.0 = Debug|x64
		{E43BBBA0-5575-4864-BCE6-B4666EFC4CBB}.Debug|x86.ActiveCfg = Debug|Win32
		{E43BBBA0-5575-4864-BCE6-B4666EFC4CBB}.Debug|x86.Build.0 = Debug|Win32
		{E43BBBA0-5575-4864-BCE6-B4666EFC4CBB}.Release|x64.ActiveCfg = Release|x64
		{E43BBBA0-5575-4864-BCE6-B4666EFC4CBB}.Release|x64.Build.0 = Release|x64
		{E43BBBA0-5575-4864-BCE6-B4666EFC4CBB}.Release|x86.ActiveCfg = Release|Win32
		{E43BBBA0-5575-4864-BCE6-B4666EFC4CBB}.Release|x86.Build.0 = Release|Win32
	EndGlobalSection
	GlobalSection(SolutionProperties) = preSolution
		HideSolutionNode = FALSE
	EndGlobalSection
	GlobalSection(ExtensibilityGlobals) = postSolution
		SolutionGuid = {41F19A76-694B-468F-AD7D-B327315C0B6C}
	EndGlobalSection
EndGlobal
